
Microsoft Visual Studio Solution File, Format Version 12.00
Project("{FAE04EC0-301F-11D3-BF4B-00C04F79EFBC}") = "QueryCat.Plugins.GitHub", "src\QueryCat.Plugins.GitHub\QueryCat.Plugins.GitHub.csproj", "{3E8236D3-DE28-42AA-ACA3-DBFDD1330958}"
EndProject
Project("{FAE04EC0-301F-11D3-BF4B-00C04F79EFBC}") = "QueryCat.Plugins.System", "src\QueryCat.Plugins.System\QueryCat.Plugins.System.csproj", "{8FF24112-BD0F-474F-86C5-25444C2587F8}"
EndProject
Project("{FAE04EC0-301F-11D3-BF4B-00C04F79EFBC}") = "QueryCat.Plugins.FluidTemplates", "src\QueryCat.Plugins.FluidTemplates\QueryCat.Plugins.FluidTemplates.csproj", "{521EFF6D-12C7-46B5-B2DD-2E79987FA96F}"
EndProject
Project("{FAE04EC0-301F-11D3-BF4B-00C04F79EFBC}") = "QueryCat.Plugins.Aws", "src\QueryCat.Plugins.Aws\QueryCat.Plugins.Aws.csproj", "{2C6BF5EC-0D4F-40C4-A2AE-E9980B10D686}"
EndProject
Project("{FAE04EC0-301F-11D3-BF4B-00C04F79EFBC}") = "QueryCat.Plugins.Jira", "src\QueryCat.Plugins.Jira\QueryCat.Plugins.Jira.csproj", "{266010EB-9852-4B90-A772-2AA3103DAF5D}"
EndProject
Project("{FAE04EC0-301F-11D3-BF4B-00C04F79EFBC}") = "QueryCat.Plugins.VStarCam", "src\QueryCat.Plugins.VStarCam\QueryCat.Plugins.VStarCam.csproj", "{21CC49F5-156C-466F-AD9E-40DD4EBF04CF}"
EndProject
Project("{FAE04EC0-301F-11D3-BF4B-00C04F79EFBC}") = "QueryCat.Plugins.Clipboard", "src\QueryCat.Plugins.Clipboard\QueryCat.Plugins.Clipboard.csproj", "{39A5B2F3-47DA-494E-B353-1563CE137366}"
EndProject
Project("{FAE04EC0-301F-11D3-BF4B-00C04F79EFBC}") = "QueryCat.Plugins.Network", "src\QueryCat.Plugins.Network\QueryCat.Plugins.Network.csproj", "{24F8ADCD-4EC4-4A7A-B7B9-37D83DB4359A}"
EndProject
Project("{FAE04EC0-301F-11D3-BF4B-00C04F79EFBC}") = "QueryCat.Plugins.FileSystem", "src\QueryCat.Plugins.FileSystem\QueryCat.Plugins.FileSystem.csproj", "{C5C833F4-A558-41F9-9509-D2D0A183484F}"
EndProject
Project("{2150E333-8FDC-42A3-9474-1A3956D46DE8}") = "JIRA", "JIRA", "{D417A513-C687-4D9B-A971-00B3B252C1FA}"
EndProject
Project("{2150E333-8FDC-42A3-9474-1A3956D46DE8}") = "VStarCam", "VStarCam", "{75B35EBE-92B0-4C33-9018-F9667134BADA}"
EndProject
Project("{2150E333-8FDC-42A3-9474-1A3956D46DE8}") = "GitHub", "GitHub", "{E631A25C-0F40-4C93-90C6-6237DE6EFDDE}"
EndProject
Project("{2150E333-8FDC-42A3-9474-1A3956D46DE8}") = "Clipboard", "Clipboard", "{3F4EBCB6-4F97-4809-B66A-7880684114E5}"
EndProject
Project("{2150E333-8FDC-42A3-9474-1A3956D46DE8}") = "Network", "Network", "{96B2D736-09F2-49EE-87E3-23A00CF7DDAF}"
EndProject
Project("{2150E333-8FDC-42A3-9474-1A3956D46DE8}") = "System", "System", "{5D80BC51-A746-4049-B8D2-070E509D9D49}"
EndProject
Project("{2150E333-8FDC-42A3-9474-1A3956D46DE8}") = "FluidTemplates", "FluidTemplates", "{0A2EEFB1-CF36-4E18-BF4F-3B669DE30EB8}"
EndProject
Project("{2150E333-8FDC-42A3-9474-1A3956D46DE8}") = "FileSystem", "FileSystem", "{C9896BC0-09B3-466F-9DEF-EAA087918747}"
EndProject
Project("{2150E333-8FDC-42A3-9474-1A3956D46DE8}") = "Aws", "Aws", "{303DFDC9-6469-4344-8B96-6A6DDE70B316}"
EndProject
Project("{2150E333-8FDC-42A3-9474-1A3956D46DE8}") = "Numerology", "Numerology", "{96656113-5025-4A81-A876-65D30C1C2E9F}"
EndProject
Project("{FAE04EC0-301F-11D3-BF4B-00C04F79EFBC}") = "QueryCat.Plugins.Numerology", "src\QueryCat.Plugins.Numerology\QueryCat.Plugins.Numerology.csproj", "{4DEFA5B2-A553-4E13-BC4E-4D86AD828976}"
EndProject
Project("{FAE04EC0-301F-11D3-BF4B-00C04F79EFBC}") = "QueryCat.Plugins.Build", "src\QueryCat.Plugins.Build\QueryCat.Plugins.Build.csproj", "{1881599A-B346-4029-B7AA-437228C95129}"
EndProject
Project("{2150E333-8FDC-42A3-9474-1A3956D46DE8}") = "_Build", "_Build", "{801319CE-ACEC-47C4-8397-3C64EADB579C}"
EndProject
Project("{FAE04EC0-301F-11D3-BF4B-00C04F79EFBC}") = "QueryCat.Plugins.VisualParadigm", "src\QueryCat.Plugins.VisualParadigm\QueryCat.Plugins.VisualParadigm.csproj", "{B0A33090-7187-4365-B87C-C78EF99C2D48}"
EndProject
Project("{2150E333-8FDC-42A3-9474-1A3956D46DE8}") = "VisualParadigm", "VisualParadigm", "{CAFF6C3C-9EAC-4375-B14E-996BC59254DE}"
EndProject
Project("{2150E333-8FDC-42A3-9474-1A3956D46DE8}") = "PostgresSniffer", "PostgresSniffer", "{9A98777A-179D-4BE4-98BF-CA3F71B8C191}"
EndProject
Project("{2150E333-8FDC-42A3-9474-1A3956D46DE8}") = "Database", "Database", "{2F452030-BCA1-4979-8603-35DC30077F8B}"
EndProject
Project("{FAE04EC0-301F-11D3-BF4B-00C04F79EFBC}") = "QueryCat.Plugins.PostgresSniffer", "src\QueryCat.Plugins.PostgresSniffer\QueryCat.Plugins.PostgresSniffer.csproj", "{A9A9AF40-04CA-418B-BC6C-5AF67A2EFD6E}"
EndProject
Project("{FAE04EC0-301F-11D3-BF4B-00C04F79EFBC}") = "QueryCat.Build", "backend\src\QueryCat.Build\QueryCat.Build.csproj", "{8C3BF374-646F-4DC7-ADD3-6EFB7FEC3603}"
EndProject
Project("{FAE04EC0-301F-11D3-BF4B-00C04F79EFBC}") = "QueryCat.Backend.Core", "backend\src\QueryCat.Backend.Core\QueryCat.Backend.Core.csproj", "{4A1B1229-20A6-465C-B5AC-6A8E24D6B64B}"
EndProject
Project("{FAE04EC0-301F-11D3-BF4B-00C04F79EFBC}") = "QueryCat.Backend.AssemblyPlugins", "backend\src\QueryCat.Backend.AssemblyPlugins\QueryCat.Backend.AssemblyPlugins.csproj", "{B64B9CBA-03B6-4C8C-9CBB-F3A982D50B28}"
EndProject
Project("{FAE04EC0-301F-11D3-BF4B-00C04F79EFBC}") = "QueryCat.Tester", "backend\src\QueryCat.Tester\QueryCat.Tester.csproj", "{A10B7C2B-25A5-43F4-B5AF-E82D0BF7A841}"
EndProject
Project("{FAE04EC0-301F-11D3-BF4B-00C04F79EFBC}") = "QueryCat.Plugins.Database", "src\QueryCat.Plugins.Database\QueryCat.Plugins.Database.csproj", "{12737855-C29B-4426-B733-C8007CB7DACF}"
EndProject
Project("{FAE04EC0-301F-11D3-BF4B-00C04F79EFBC}") = "QueryCat.Backend", "backend\src\QueryCat.Backend\QueryCat.Backend.csproj", "{3737FBCF-3CD9-41DF-961B-92CC461D94FF}"
EndProject
Project("{FAE04EC0-301F-11D3-BF4B-00C04F79EFBC}") = "QueryCat.Cli", "backend\src\QueryCat.Cli\QueryCat.Cli.csproj", "{120D4926-04BD-463D-BD50-6C9CBAF63E53}"
EndProject
Project("{FAE04EC0-301F-11D3-BF4B-00C04F79EFBC}") = "QueryCat.Plugins.Client", "backend\sdk\dotnet-client\QueryCat.Plugins.Client.csproj", "{ECE32924-DB98-4C0F-8469-ED64D2069617}"
EndProject
Project("{FAE04EC0-301F-11D3-BF4B-00C04F79EFBC}") = "QueryCat.Plugins.Sdk", "backend\sdk\dotnet-sdk\QueryCat.Plugins.Sdk.csproj", "{69271BD9-7E94-4632-97D5-21265E7771CB}"
EndProject
Project("{FAE04EC0-301F-11D3-BF4B-00C04F79EFBC}") = "QueryCat.Backend.Addons", "backend\src\QueryCat.Backend.Addons\QueryCat.Backend.Addons.csproj", "{4DFC23E1-7D1B-4EBB-B4D8-EACF07984CA1}"
EndProject
Project("{FAE04EC0-301F-11D3-BF4B-00C04F79EFBC}") = "QueryCat.Backend.ThriftPlugins", "backend\src\QueryCat.Backend.ThriftPlugins\QueryCat.Backend.ThriftPlugins.csproj", "{9AA2F7B7-BF74-4ED0-ABFE-5D1D48327964}"
EndProject
Project("{2150E333-8FDC-42A3-9474-1A3956D46DE8}") = "Subtitles", "Subtitles", "{F5E1F3D4-1631-4782-B176-91986D8CD74C}"
EndProject
Project("{FAE04EC0-301F-11D3-BF4B-00C04F79EFBC}") = "QueryCat.Plugins.Subtitles", "src\QueryCat.Plugins.Subtitles\QueryCat.Plugins.Subtitles.csproj", "{A47B59F7-FF86-4786-9C38-C003C61DB786}"
EndProject
Project("{2150E333-8FDC-42A3-9474-1A3956D46DE8}") = "WindowsEventLog", "WindowsEventLog", "{A544FB0A-FB0A-4983-9C99-1AEB0002849A}"
EndProject
Project("{FAE04EC0-301F-11D3-BF4B-00C04F79EFBC}") = "QueryCat.Plugins.WindowsEventLog", "src\QueryCat.Plugins.WindowsEventLog\QueryCat.Plugins.WindowsEventLog.csproj", "{D9A26079-6C9D-4EE8-9A09-EA7C22B36A53}"
EndProject
Project("{2150E333-8FDC-42A3-9474-1A3956D46DE8}") = "Roslyn", "Roslyn", "{DB248FFE-BA5C-4CF8-B2CE-A8DE2215BBF0}"
EndProject
Project("{FAE04EC0-301F-11D3-BF4B-00C04F79EFBC}") = "QueryCat.Plugins.Roslyn", "src\QueryCat.Plugins.Roslyn\QueryCat.Plugins.Roslyn.csproj", "{6380FB25-8995-4E10-B224-E876462721EC}"
EndProject
Project("{2150E333-8FDC-42A3-9474-1A3956D46DE8}") = "OpenAI", "src\OpenAI", "{096795EF-1632-4006-8541-492747C99440}"
EndProject
Project("{FAE04EC0-301F-11D3-BF4B-00C04F79EFBC}") = "QueryCat.Plugins.OpenAI", "src\QueryCat.Plugins.OpenAI\QueryCat.Plugins.OpenAI.csproj", "{8A044471-7825-4E30-9580-FFB7CDF92D07}"
EndProject
Project("{2150E333-8FDC-42A3-9474-1A3956D46DE8}") = "Ollama", "Ollama", "{0ED49D67-7061-48BB-A09F-D39949F447E5}"
EndProject
Project("{FAE04EC0-301F-11D3-BF4B-00C04F79EFBC}") = "QueryCat.Plugins.Ollama", "src\QueryCat.Plugins.Ollama\QueryCat.Plugins.Ollama.csproj", "{D635BC8C-F53F-4135-998B-E078E884F6F6}"
EndProject
Project("{2150E333-8FDC-42A3-9474-1A3956D46DE8}") = "GigaChat", "GigaChat", "{80894ECD-2856-4E15-A3E3-872F5CF95A47}"
EndProject
Project("{FAE04EC0-301F-11D3-BF4B-00C04F79EFBC}") = "QueryCat.Plugins.GigaChat", "src\QueryCat.Plugins.GigaChat\QueryCat.Plugins.GigaChat.csproj", "{76AFF862-84D1-4BE3-8B21-E0ADBF386B50}"
EndProject
Project("{2150E333-8FDC-42A3-9474-1A3956D46DE8}") = "DeepSeek", "DeepSeek", "{408D439E-9845-4F01-A117-256A39BB540C}"
EndProject
Project("{FAE04EC0-301F-11D3-BF4B-00C04F79EFBC}") = "QueryCat.Plugins.DeepSeek", "src\QueryCat.Plugins.DeepSeek\QueryCat.Plugins.DeepSeek.csproj", "{DA39E681-4565-4A70-8724-1613F3FC0DBA}"
EndProject
Project("{2150E333-8FDC-42A3-9474-1A3956D46DE8}") = "Git", "Git", "{B95983DB-708B-4325-9E44-D95E695E4287}"
EndProject
Project("{FAE04EC0-301F-11D3-BF4B-00C04F79EFBC}") = "QueryCat.Plugins.Git", "src\QueryCat.Plugins.Git\QueryCat.Plugins.Git.csproj", "{7F4009BA-20EC-460D-BF88-4CA5EC18DF88}"
EndProject
Project("{2150E333-8FDC-42A3-9474-1A3956D46DE8}") = "Moex", "Moex", "{DD778743-F44D-4BFB-86D7-27AAA378060D}"
EndProject
Project("{FAE04EC0-301F-11D3-BF4B-00C04F79EFBC}") = "QueryCat.Plugins.Moex", "src\QueryCat.Plugins.Moex\QueryCat.Plugins.Moex.csproj", "{F57D2FB5-ACF8-4DBC-94D2-5054F6ED22F6}"
EndProject
Project("{2150E333-8FDC-42A3-9474-1A3956D46DE8}") = "IMDbAPI", "IMDbAPI", "{CDC38184-CE84-449F-B866-499EE1AF3D5B}"
EndProject
Project("{FAE04EC0-301F-11D3-BF4B-00C04F79EFBC}") = "QueryCat.Plugins.ImdbApi", "src\QueryCat.Plugins.ImdbApi\QueryCat.Plugins.ImdbApi.csproj", "{846E688C-C376-438C-B6D0-B8F099A83DE3}"
EndProject
Global
	GlobalSection(SolutionConfigurationPlatforms) = preSolution
		Debug|Any CPU = Debug|Any CPU
		Release|Any CPU = Release|Any CPU
	EndGlobalSection
	GlobalSection(ProjectConfigurationPlatforms) = postSolution
		{3E8236D3-DE28-42AA-ACA3-DBFDD1330958}.Debug|Any CPU.ActiveCfg = Debug|Any CPU
		{3E8236D3-DE28-42AA-ACA3-DBFDD1330958}.Debug|Any CPU.Build.0 = Debug|Any CPU
		{3E8236D3-DE28-42AA-ACA3-DBFDD1330958}.Release|Any CPU.ActiveCfg = Release|Any CPU
		{3E8236D3-DE28-42AA-ACA3-DBFDD1330958}.Release|Any CPU.Build.0 = Release|Any CPU
		{8FF24112-BD0F-474F-86C5-25444C2587F8}.Debug|Any CPU.ActiveCfg = Debug|Any CPU
		{8FF24112-BD0F-474F-86C5-25444C2587F8}.Debug|Any CPU.Build.0 = Debug|Any CPU
		{8FF24112-BD0F-474F-86C5-25444C2587F8}.Release|Any CPU.ActiveCfg = Release|Any CPU
		{8FF24112-BD0F-474F-86C5-25444C2587F8}.Release|Any CPU.Build.0 = Release|Any CPU
		{521EFF6D-12C7-46B5-B2DD-2E79987FA96F}.Debug|Any CPU.ActiveCfg = Debug|Any CPU
		{521EFF6D-12C7-46B5-B2DD-2E79987FA96F}.Debug|Any CPU.Build.0 = Debug|Any CPU
		{521EFF6D-12C7-46B5-B2DD-2E79987FA96F}.Release|Any CPU.ActiveCfg = Release|Any CPU
		{521EFF6D-12C7-46B5-B2DD-2E79987FA96F}.Release|Any CPU.Build.0 = Release|Any CPU
		{2C6BF5EC-0D4F-40C4-A2AE-E9980B10D686}.Debug|Any CPU.ActiveCfg = Debug|Any CPU
		{2C6BF5EC-0D4F-40C4-A2AE-E9980B10D686}.Debug|Any CPU.Build.0 = Debug|Any CPU
		{2C6BF5EC-0D4F-40C4-A2AE-E9980B10D686}.Release|Any CPU.ActiveCfg = Release|Any CPU
		{2C6BF5EC-0D4F-40C4-A2AE-E9980B10D686}.Release|Any CPU.Build.0 = Release|Any CPU
		{266010EB-9852-4B90-A772-2AA3103DAF5D}.Debug|Any CPU.ActiveCfg = Debug|Any CPU
		{266010EB-9852-4B90-A772-2AA3103DAF5D}.Debug|Any CPU.Build.0 = Debug|Any CPU
		{266010EB-9852-4B90-A772-2AA3103DAF5D}.Release|Any CPU.ActiveCfg = Release|Any CPU
		{266010EB-9852-4B90-A772-2AA3103DAF5D}.Release|Any CPU.Build.0 = Release|Any CPU
		{21CC49F5-156C-466F-AD9E-40DD4EBF04CF}.Debug|Any CPU.ActiveCfg = Debug|Any CPU
		{21CC49F5-156C-466F-AD9E-40DD4EBF04CF}.Debug|Any CPU.Build.0 = Debug|Any CPU
		{21CC49F5-156C-466F-AD9E-40DD4EBF04CF}.Release|Any CPU.ActiveCfg = Release|Any CPU
		{21CC49F5-156C-466F-AD9E-40DD4EBF04CF}.Release|Any CPU.Build.0 = Release|Any CPU
		{39A5B2F3-47DA-494E-B353-1563CE137366}.Debug|Any CPU.ActiveCfg = Debug|Any CPU
		{39A5B2F3-47DA-494E-B353-1563CE137366}.Debug|Any CPU.Build.0 = Debug|Any CPU
		{39A5B2F3-47DA-494E-B353-1563CE137366}.Release|Any CPU.ActiveCfg = Release|Any CPU
		{39A5B2F3-47DA-494E-B353-1563CE137366}.Release|Any CPU.Build.0 = Release|Any CPU
		{24F8ADCD-4EC4-4A7A-B7B9-37D83DB4359A}.Debug|Any CPU.ActiveCfg = Debug|Any CPU
		{24F8ADCD-4EC4-4A7A-B7B9-37D83DB4359A}.Debug|Any CPU.Build.0 = Debug|Any CPU
		{24F8ADCD-4EC4-4A7A-B7B9-37D83DB4359A}.Release|Any CPU.ActiveCfg = Release|Any CPU
		{24F8ADCD-4EC4-4A7A-B7B9-37D83DB4359A}.Release|Any CPU.Build.0 = Release|Any CPU
		{C5C833F4-A558-41F9-9509-D2D0A183484F}.Debug|Any CPU.ActiveCfg = Debug|Any CPU
		{C5C833F4-A558-41F9-9509-D2D0A183484F}.Debug|Any CPU.Build.0 = Debug|Any CPU
		{C5C833F4-A558-41F9-9509-D2D0A183484F}.Release|Any CPU.ActiveCfg = Release|Any CPU
		{C5C833F4-A558-41F9-9509-D2D0A183484F}.Release|Any CPU.Build.0 = Release|Any CPU
		{4DEFA5B2-A553-4E13-BC4E-4D86AD828976}.Debug|Any CPU.ActiveCfg = Debug|Any CPU
		{4DEFA5B2-A553-4E13-BC4E-4D86AD828976}.Debug|Any CPU.Build.0 = Debug|Any CPU
		{4DEFA5B2-A553-4E13-BC4E-4D86AD828976}.Release|Any CPU.ActiveCfg = Release|Any CPU
		{4DEFA5B2-A553-4E13-BC4E-4D86AD828976}.Release|Any CPU.Build.0 = Release|Any CPU
		{1881599A-B346-4029-B7AA-437228C95129}.Debug|Any CPU.ActiveCfg = Debug|Any CPU
		{1881599A-B346-4029-B7AA-437228C95129}.Debug|Any CPU.Build.0 = Debug|Any CPU
		{1881599A-B346-4029-B7AA-437228C95129}.Release|Any CPU.ActiveCfg = Release|Any CPU
		{1881599A-B346-4029-B7AA-437228C95129}.Release|Any CPU.Build.0 = Release|Any CPU
		{B0A33090-7187-4365-B87C-C78EF99C2D48}.Debug|Any CPU.ActiveCfg = Debug|Any CPU
		{B0A33090-7187-4365-B87C-C78EF99C2D48}.Debug|Any CPU.Build.0 = Debug|Any CPU
		{B0A33090-7187-4365-B87C-C78EF99C2D48}.Release|Any CPU.ActiveCfg = Release|Any CPU
		{B0A33090-7187-4365-B87C-C78EF99C2D48}.Release|Any CPU.Build.0 = Release|Any CPU
		{A9A9AF40-04CA-418B-BC6C-5AF67A2EFD6E}.Debug|Any CPU.ActiveCfg = Debug|Any CPU
		{A9A9AF40-04CA-418B-BC6C-5AF67A2EFD6E}.Debug|Any CPU.Build.0 = Debug|Any CPU
		{A9A9AF40-04CA-418B-BC6C-5AF67A2EFD6E}.Release|Any CPU.ActiveCfg = Release|Any CPU
		{A9A9AF40-04CA-418B-BC6C-5AF67A2EFD6E}.Release|Any CPU.Build.0 = Release|Any CPU
		{8C3BF374-646F-4DC7-ADD3-6EFB7FEC3603}.Debug|Any CPU.ActiveCfg = Debug|Any CPU
		{8C3BF374-646F-4DC7-ADD3-6EFB7FEC3603}.Debug|Any CPU.Build.0 = Debug|Any CPU
		{8C3BF374-646F-4DC7-ADD3-6EFB7FEC3603}.Release|Any CPU.ActiveCfg = Release|Any CPU
		{8C3BF374-646F-4DC7-ADD3-6EFB7FEC3603}.Release|Any CPU.Build.0 = Release|Any CPU
		{4A1B1229-20A6-465C-B5AC-6A8E24D6B64B}.Debug|Any CPU.ActiveCfg = Debug|Any CPU
		{4A1B1229-20A6-465C-B5AC-6A8E24D6B64B}.Debug|Any CPU.Build.0 = Debug|Any CPU
		{4A1B1229-20A6-465C-B5AC-6A8E24D6B64B}.Release|Any CPU.ActiveCfg = Release|Any CPU
		{4A1B1229-20A6-465C-B5AC-6A8E24D6B64B}.Release|Any CPU.Build.0 = Release|Any CPU
		{B64B9CBA-03B6-4C8C-9CBB-F3A982D50B28}.Debug|Any CPU.ActiveCfg = Debug|Any CPU
		{B64B9CBA-03B6-4C8C-9CBB-F3A982D50B28}.Debug|Any CPU.Build.0 = Debug|Any CPU
		{B64B9CBA-03B6-4C8C-9CBB-F3A982D50B28}.Release|Any CPU.ActiveCfg = Release|Any CPU
		{B64B9CBA-03B6-4C8C-9CBB-F3A982D50B28}.Release|Any CPU.Build.0 = Release|Any CPU
		{A10B7C2B-25A5-43F4-B5AF-E82D0BF7A841}.Debug|Any CPU.ActiveCfg = Debug|Any CPU
		{A10B7C2B-25A5-43F4-B5AF-E82D0BF7A841}.Debug|Any CPU.Build.0 = Debug|Any CPU
		{A10B7C2B-25A5-43F4-B5AF-E82D0BF7A841}.Release|Any CPU.ActiveCfg = Release|Any CPU
		{A10B7C2B-25A5-43F4-B5AF-E82D0BF7A841}.Release|Any CPU.Build.0 = Release|Any CPU
		{12737855-C29B-4426-B733-C8007CB7DACF}.Debug|Any CPU.ActiveCfg = Debug|Any CPU
		{12737855-C29B-4426-B733-C8007CB7DACF}.Debug|Any CPU.Build.0 = Debug|Any CPU
		{12737855-C29B-4426-B733-C8007CB7DACF}.Release|Any CPU.ActiveCfg = Release|Any CPU
		{12737855-C29B-4426-B733-C8007CB7DACF}.Release|Any CPU.Build.0 = Release|Any CPU
		{3737FBCF-3CD9-41DF-961B-92CC461D94FF}.Debug|Any CPU.ActiveCfg = Debug|Any CPU
		{3737FBCF-3CD9-41DF-961B-92CC461D94FF}.Debug|Any CPU.Build.0 = Debug|Any CPU
		{3737FBCF-3CD9-41DF-961B-92CC461D94FF}.Release|Any CPU.ActiveCfg = Release|Any CPU
		{3737FBCF-3CD9-41DF-961B-92CC461D94FF}.Release|Any CPU.Build.0 = Release|Any CPU
		{120D4926-04BD-463D-BD50-6C9CBAF63E53}.Debug|Any CPU.ActiveCfg = Debug|Any CPU
		{120D4926-04BD-463D-BD50-6C9CBAF63E53}.Debug|Any CPU.Build.0 = Debug|Any CPU
		{120D4926-04BD-463D-BD50-6C9CBAF63E53}.Release|Any CPU.ActiveCfg = Release|Any CPU
		{120D4926-04BD-463D-BD50-6C9CBAF63E53}.Release|Any CPU.Build.0 = Release|Any CPU
		{ECE32924-DB98-4C0F-8469-ED64D2069617}.Debug|Any CPU.ActiveCfg = Debug|Any CPU
		{ECE32924-DB98-4C0F-8469-ED64D2069617}.Debug|Any CPU.Build.0 = Debug|Any CPU
		{ECE32924-DB98-4C0F-8469-ED64D2069617}.Release|Any CPU.ActiveCfg = Release|Any CPU
		{ECE32924-DB98-4C0F-8469-ED64D2069617}.Release|Any CPU.Build.0 = Release|Any CPU
		{69271BD9-7E94-4632-97D5-21265E7771CB}.Debug|Any CPU.ActiveCfg = Debug|Any CPU
		{69271BD9-7E94-4632-97D5-21265E7771CB}.Debug|Any CPU.Build.0 = Debug|Any CPU
		{69271BD9-7E94-4632-97D5-21265E7771CB}.Release|Any CPU.ActiveCfg = Release|Any CPU
		{69271BD9-7E94-4632-97D5-21265E7771CB}.Release|Any CPU.Build.0 = Release|Any CPU
		{4DFC23E1-7D1B-4EBB-B4D8-EACF07984CA1}.Debug|Any CPU.ActiveCfg = Debug|Any CPU
		{4DFC23E1-7D1B-4EBB-B4D8-EACF07984CA1}.Debug|Any CPU.Build.0 = Debug|Any CPU
		{4DFC23E1-7D1B-4EBB-B4D8-EACF07984CA1}.Release|Any CPU.ActiveCfg = Release|Any CPU
		{4DFC23E1-7D1B-4EBB-B4D8-EACF07984CA1}.Release|Any CPU.Build.0 = Release|Any CPU
		{9AA2F7B7-BF74-4ED0-ABFE-5D1D48327964}.Debug|Any CPU.ActiveCfg = Debug|Any CPU
		{9AA2F7B7-BF74-4ED0-ABFE-5D1D48327964}.Debug|Any CPU.Build.0 = Debug|Any CPU
		{9AA2F7B7-BF74-4ED0-ABFE-5D1D48327964}.Release|Any CPU.ActiveCfg = Release|Any CPU
		{9AA2F7B7-BF74-4ED0-ABFE-5D1D48327964}.Release|Any CPU.Build.0 = Release|Any CPU
		{A47B59F7-FF86-4786-9C38-C003C61DB786}.Debug|Any CPU.ActiveCfg = Debug|Any CPU
		{A47B59F7-FF86-4786-9C38-C003C61DB786}.Debug|Any CPU.Build.0 = Debug|Any CPU
		{A47B59F7-FF86-4786-9C38-C003C61DB786}.Release|Any CPU.ActiveCfg = Release|Any CPU
		{A47B59F7-FF86-4786-9C38-C003C61DB786}.Release|Any CPU.Build.0 = Release|Any CPU
		{D9A26079-6C9D-4EE8-9A09-EA7C22B36A53}.Debug|Any CPU.ActiveCfg = Debug|Any CPU
		{D9A26079-6C9D-4EE8-9A09-EA7C22B36A53}.Debug|Any CPU.Build.0 = Debug|Any CPU
		{D9A26079-6C9D-4EE8-9A09-EA7C22B36A53}.Release|Any CPU.ActiveCfg = Release|Any CPU
		{D9A26079-6C9D-4EE8-9A09-EA7C22B36A53}.Release|Any CPU.Build.0 = Release|Any CPU
		{6380FB25-8995-4E10-B224-E876462721EC}.Debug|Any CPU.ActiveCfg = Debug|Any CPU
		{6380FB25-8995-4E10-B224-E876462721EC}.Debug|Any CPU.Build.0 = Debug|Any CPU
		{6380FB25-8995-4E10-B224-E876462721EC}.Release|Any CPU.ActiveCfg = Release|Any CPU
		{6380FB25-8995-4E10-B224-E876462721EC}.Release|Any CPU.Build.0 = Release|Any CPU
		{8A044471-7825-4E30-9580-FFB7CDF92D07}.Debug|Any CPU.ActiveCfg = Debug|Any CPU
		{8A044471-7825-4E30-9580-FFB7CDF92D07}.Debug|Any CPU.Build.0 = Debug|Any CPU
		{8A044471-7825-4E30-9580-FFB7CDF92D07}.Release|Any CPU.ActiveCfg = Release|Any CPU
		{8A044471-7825-4E30-9580-FFB7CDF92D07}.Release|Any CPU.Build.0 = Release|Any CPU
		{D635BC8C-F53F-4135-998B-E078E884F6F6}.Debug|Any CPU.ActiveCfg = Debug|Any CPU
		{D635BC8C-F53F-4135-998B-E078E884F6F6}.Debug|Any CPU.Build.0 = Debug|Any CPU
		{D635BC8C-F53F-4135-998B-E078E884F6F6}.Release|Any CPU.ActiveCfg = Release|Any CPU
		{D635BC8C-F53F-4135-998B-E078E884F6F6}.Release|Any CPU.Build.0 = Release|Any CPU
		{76AFF862-84D1-4BE3-8B21-E0ADBF386B50}.Debug|Any CPU.ActiveCfg = Debug|Any CPU
		{76AFF862-84D1-4BE3-8B21-E0ADBF386B50}.Debug|Any CPU.Build.0 = Debug|Any CPU
		{76AFF862-84D1-4BE3-8B21-E0ADBF386B50}.Release|Any CPU.ActiveCfg = Release|Any CPU
		{76AFF862-84D1-4BE3-8B21-E0ADBF386B50}.Release|Any CPU.Build.0 = Release|Any CPU
		{DA39E681-4565-4A70-8724-1613F3FC0DBA}.Debug|Any CPU.ActiveCfg = Debug|Any CPU
		{DA39E681-4565-4A70-8724-1613F3FC0DBA}.Debug|Any CPU.Build.0 = Debug|Any CPU
		{DA39E681-4565-4A70-8724-1613F3FC0DBA}.Release|Any CPU.ActiveCfg = Release|Any CPU
		{DA39E681-4565-4A70-8724-1613F3FC0DBA}.Release|Any CPU.Build.0 = Release|Any CPU
		{7F4009BA-20EC-460D-BF88-4CA5EC18DF88}.Debug|Any CPU.ActiveCfg = Debug|Any CPU
		{7F4009BA-20EC-460D-BF88-4CA5EC18DF88}.Debug|Any CPU.Build.0 = Debug|Any CPU
		{7F4009BA-20EC-460D-BF88-4CA5EC18DF88}.Release|Any CPU.ActiveCfg = Release|Any CPU
		{7F4009BA-20EC-460D-BF88-4CA5EC18DF88}.Release|Any CPU.Build.0 = Release|Any CPU
		{F57D2FB5-ACF8-4DBC-94D2-5054F6ED22F6}.Debug|Any CPU.ActiveCfg = Debug|Any CPU
		{F57D2FB5-ACF8-4DBC-94D2-5054F6ED22F6}.Debug|Any CPU.Build.0 = Debug|Any CPU
		{F57D2FB5-ACF8-4DBC-94D2-5054F6ED22F6}.Release|Any CPU.ActiveCfg = Release|Any CPU
		{F57D2FB5-ACF8-4DBC-94D2-5054F6ED22F6}.Release|Any CPU.Build.0 = Release|Any CPU
		{846E688C-C376-438C-B6D0-B8F099A83DE3}.Debug|Any CPU.ActiveCfg = Debug|Any CPU
		{846E688C-C376-438C-B6D0-B8F099A83DE3}.Debug|Any CPU.Build.0 = Debug|Any CPU
		{846E688C-C376-438C-B6D0-B8F099A83DE3}.Release|Any CPU.ActiveCfg = Release|Any CPU
		{846E688C-C376-438C-B6D0-B8F099A83DE3}.Release|Any CPU.Build.0 = Release|Any CPU
	EndGlobalSection
	GlobalSection(NestedProjects) = preSolution
		{266010EB-9852-4B90-A772-2AA3103DAF5D} = {D417A513-C687-4D9B-A971-00B3B252C1FA}
		{21CC49F5-156C-466F-AD9E-40DD4EBF04CF} = {75B35EBE-92B0-4C33-9018-F9667134BADA}
		{3E8236D3-DE28-42AA-ACA3-DBFDD1330958} = {E631A25C-0F40-4C93-90C6-6237DE6EFDDE}
		{39A5B2F3-47DA-494E-B353-1563CE137366} = {3F4EBCB6-4F97-4809-B66A-7880684114E5}
		{24F8ADCD-4EC4-4A7A-B7B9-37D83DB4359A} = {96B2D736-09F2-49EE-87E3-23A00CF7DDAF}
		{8FF24112-BD0F-474F-86C5-25444C2587F8} = {5D80BC51-A746-4049-B8D2-070E509D9D49}
		{521EFF6D-12C7-46B5-B2DD-2E79987FA96F} = {0A2EEFB1-CF36-4E18-BF4F-3B669DE30EB8}
		{C5C833F4-A558-41F9-9509-D2D0A183484F} = {C9896BC0-09B3-466F-9DEF-EAA087918747}
		{2C6BF5EC-0D4F-40C4-A2AE-E9980B10D686} = {303DFDC9-6469-4344-8B96-6A6DDE70B316}
		{4DEFA5B2-A553-4E13-BC4E-4D86AD828976} = {96656113-5025-4A81-A876-65D30C1C2E9F}
		{1881599A-B346-4029-B7AA-437228C95129} = {801319CE-ACEC-47C4-8397-3C64EADB579C}
		{B0A33090-7187-4365-B87C-C78EF99C2D48} = {CAFF6C3C-9EAC-4375-B14E-996BC59254DE}
		{A9A9AF40-04CA-418B-BC6C-5AF67A2EFD6E} = {9A98777A-179D-4BE4-98BF-CA3F71B8C191}
		{8C3BF374-646F-4DC7-ADD3-6EFB7FEC3603} = {801319CE-ACEC-47C4-8397-3C64EADB579C}
		{4A1B1229-20A6-465C-B5AC-6A8E24D6B64B} = {801319CE-ACEC-47C4-8397-3C64EADB579C}
		{B64B9CBA-03B6-4C8C-9CBB-F3A982D50B28} = {801319CE-ACEC-47C4-8397-3C64EADB579C}
		{12737855-C29B-4426-B733-C8007CB7DACF} = {2F452030-BCA1-4979-8603-35DC30077F8B}
		{3737FBCF-3CD9-41DF-961B-92CC461D94FF} = {801319CE-ACEC-47C4-8397-3C64EADB579C}
		{120D4926-04BD-463D-BD50-6C9CBAF63E53} = {801319CE-ACEC-47C4-8397-3C64EADB579C}
		{ECE32924-DB98-4C0F-8469-ED64D2069617} = {801319CE-ACEC-47C4-8397-3C64EADB579C}
		{69271BD9-7E94-4632-97D5-21265E7771CB} = {801319CE-ACEC-47C4-8397-3C64EADB579C}
		{4DFC23E1-7D1B-4EBB-B4D8-EACF07984CA1} = {801319CE-ACEC-47C4-8397-3C64EADB579C}
		{9AA2F7B7-BF74-4ED0-ABFE-5D1D48327964} = {801319CE-ACEC-47C4-8397-3C64EADB579C}
		{A47B59F7-FF86-4786-9C38-C003C61DB786} = {F5E1F3D4-1631-4782-B176-91986D8CD74C}
		{D9A26079-6C9D-4EE8-9A09-EA7C22B36A53} = {A544FB0A-FB0A-4983-9C99-1AEB0002849A}
		{6380FB25-8995-4E10-B224-E876462721EC} = {DB248FFE-BA5C-4CF8-B2CE-A8DE2215BBF0}
		{8A044471-7825-4E30-9580-FFB7CDF92D07} = {096795EF-1632-4006-8541-492747C99440}
		{D635BC8C-F53F-4135-998B-E078E884F6F6} = {0ED49D67-7061-48BB-A09F-D39949F447E5}
		{76AFF862-84D1-4BE3-8B21-E0ADBF386B50} = {80894ECD-2856-4E15-A3E3-872F5CF95A47}
		{DA39E681-4565-4A70-8724-1613F3FC0DBA} = {408D439E-9845-4F01-A117-256A39BB540C}
		{7F4009BA-20EC-460D-BF88-4CA5EC18DF88} = {B95983DB-708B-4325-9E44-D95E695E4287}
		{F57D2FB5-ACF8-4DBC-94D2-5054F6ED22F6} = {DD778743-F44D-4BFB-86D7-27AAA378060D}
		{846E688C-C376-438C-B6D0-B8F099A83DE3} = {CDC38184-CE84-449F-B866-499EE1AF3D5B}
	EndGlobalSection
EndGlobal
