
Microsoft Visual Studio Solution File, Format Version 12.00
Project("{FAE04EC0-301F-11D3-BF4B-00C04F79EFBC}") = "QueryCat.Plugins.GitHub", "QueryCat.Plugins.GitHub\QueryCat.Plugins.GitHub.csproj", "{3E8236D3-DE28-42AA-ACA3-DBFDD1330958}"
EndProject
Project("{2150E333-8FDC-42A3-9474-1A3956D46DE8}") = "Backend", "Backend", "{57FD3CD5-B80B-40B7-97B1-3C5D0A4FDDFF}"
EndProject
Project("{FAE04EC0-301F-11D3-BF4B-00C04F79EFBC}") = "QueryCat.Plugins.System", "QueryCat.Plugins.System\QueryCat.Plugins.System.csproj", "{8FF24112-BD0F-474F-86C5-25444C2587F8}"
EndProject
Project("{FAE04EC0-301F-11D3-BF4B-00C04F79EFBC}") = "QueryCat.Plugins.FluidTemplates", "QueryCat.Plugins.FluidTemplates\QueryCat.Plugins.FluidTemplates.csproj", "{521EFF6D-12C7-46B5-B2DD-2E79987FA96F}"
EndProject
Project("{FAE04EC0-301F-11D3-BF4B-00C04F79EFBC}") = "QueryCat.Backend", "..\backend\src\QueryCat.Backend\QueryCat.Backend.csproj", "{939CE72C-CD01-4AA0-B424-E9A669B419A6}"
EndProject
Project("{FAE04EC0-301F-11D3-BF4B-00C04F79EFBC}") = "QueryCat.Cli", "..\backend\src\QueryCat.Cli\QueryCat.Cli.csproj", "{8163FB8D-F597-4D6F-892B-B169AD8F2726}"
EndProject
Project("{FAE04EC0-301F-11D3-BF4B-00C04F79EFBC}") = "QueryCat.Plugins.Aws", "QueryCat.Plugins.Aws\QueryCat.Plugins.Aws.csproj", "{2C6BF5EC-0D4F-40C4-A2AE-E9980B10D686}"
EndProject
Project("{FAE04EC0-301F-11D3-BF4B-00C04F79EFBC}") = "QueryCat.Plugins.Jira", "QueryCat.Plugins.Jira\QueryCat.Plugins.Jira.csproj", "{266010EB-9852-4B90-A772-2AA3103DAF5D}"
EndProject
Project("{FAE04EC0-301F-11D3-BF4B-00C04F79EFBC}") = "QueryCat.Plugins.VStarCam", "QueryCat.Plugins.VStarCam\QueryCat.Plugins.VStarCam.csproj", "{21CC49F5-156C-466F-AD9E-40DD4EBF04CF}"
EndProject
Project("{FAE04EC0-301F-11D3-BF4B-00C04F79EFBC}") = "QueryCat.Plugins.Clipboard", "QueryCat.Plugins.Clipboard\QueryCat.Plugins.Clipboard.csproj", "{39A5B2F3-47DA-494E-B353-1563CE137366}"
EndProject
Project("{FAE04EC0-301F-11D3-BF4B-00C04F79EFBC}") = "QueryCat.Plugins.Network", "QueryCat.Plugins.Network\QueryCat.Plugins.Network.csproj", "{24F8ADCD-4EC4-4A7A-B7B9-37D83DB4359A}"
EndProject
Project("{FAE04EC0-301F-11D3-BF4B-00C04F79EFBC}") = "QueryCat.Tests.QueryRunner", "..\backend\src\QueryCat.Tests.QueryRunner\QueryCat.Tests.QueryRunner.csproj", "{A5F84049-4B23-4CED-9B44-F8B87675E2B5}"
EndProject
Project("{FAE04EC0-301F-11D3-BF4B-00C04F79EFBC}") = "QueryCat.Plugins.FileSystem", "QueryCat.Plugins.FileSystem\QueryCat.Plugins.FileSystem.csproj", "{C5C833F4-A558-41F9-9509-D2D0A183484F}"
EndProject
Project("{2150E333-8FDC-42A3-9474-1A3956D46DE8}") = "JIRA", "JIRA", "{D417A513-C687-4D9B-A971-00B3B252C1FA}"
EndProject
Project("{2150E333-8FDC-42A3-9474-1A3956D46DE8}") = "VStarCam", "VStarCam", "{75B35EBE-92B0-4C33-9018-F9667134BADA}"
EndProject
Project("{2150E333-8FDC-42A3-9474-1A3956D46DE8}") = "GitHub", "GitHub", "{E631A25C-0F40-4C93-90C6-6237DE6EFDDE}"
EndProject
Project("{2150E333-8FDC-42A3-9474-1A3956D46DE8}") = "Clipboard", "Clipboard", "{3F4EBCB6-4F97-4809-B66A-7880684114E5}"
EndProject
Project("{2150E333-8FDC-42A3-9474-1A3956D46DE8}") = "Network", "Network", "{96B2D736-09F2-49EE-87E3-23A00CF7DDAF}"
EndProject
Project("{2150E333-8FDC-42A3-9474-1A3956D46DE8}") = "System", "System", "{5D80BC51-A746-4049-B8D2-070E509D9D49}"
EndProject
Project("{2150E333-8FDC-42A3-9474-1A3956D46DE8}") = "FluidTemplates", "FluidTemplates", "{0A2EEFB1-CF36-4E18-BF4F-3B669DE30EB8}"
EndProject
Project("{2150E333-8FDC-42A3-9474-1A3956D46DE8}") = "FileSystem", "FileSystem", "{C9896BC0-09B3-466F-9DEF-EAA087918747}"
EndProject
Project("{2150E333-8FDC-42A3-9474-1A3956D46DE8}") = "Aws", "Aws", "{303DFDC9-6469-4344-8B96-6A6DDE70B316}"
EndProject
Project("{2150E333-8FDC-42A3-9474-1A3956D46DE8}") = "Numerology", "Numerology", "{96656113-5025-4A81-A876-65D30C1C2E9F}"
EndProject
Project("{FAE04EC0-301F-11D3-BF4B-00C04F79EFBC}") = "QueryCat.Plugins.Numerology", "QueryCat.Plugins.Numerology\QueryCat.Plugins.Numerology.csproj", "{4DEFA5B2-A553-4E13-BC4E-4D86AD828976}"
EndProject
Project("{FAE04EC0-301F-11D3-BF4B-00C04F79EFBC}") = "QueryCat.Backend.AssemblyPlugins", "..\backend\src\QueryCat.Backend.AssemblyPlugins\QueryCat.Backend.AssemblyPlugins.csproj", "{53FD125F-1BFE-4E06-978C-589FEAF0C22D}"
EndProject
Project("{FAE04EC0-301F-11D3-BF4B-00C04F79EFBC}") = "QueryCat.Backend.ThriftPlugins", "..\backend\src\QueryCat.Backend.ThriftPlugins\QueryCat.Backend.ThriftPlugins.csproj", "{8A6D8FBA-E355-4299-A0FE-12D0B7B72930}"
EndProject
Project("{FAE04EC0-301F-11D3-BF4B-00C04F79EFBC}") = "QueryCat.Plugins.Client", "..\backend\sdk\dotnet-client\QueryCat.Plugins.Client.csproj", "{D7D0C959-74E8-4C54-8541-2D61F8A16DD1}"
EndProject
Project("{FAE04EC0-301F-11D3-BF4B-00C04F79EFBC}") = "QueryCat.Plugins.Sdk", "..\backend\sdk\dotnet-sdk\QueryCat.Plugins.Sdk.csproj", "{6B59C2E3-7B58-4D4F-98E5-B3340C0EC358}"
EndProject
Project("{FAE04EC0-301F-11D3-BF4B-00C04F79EFBC}") = "QueryCat.Backend.Formatters", "..\backend\src\QueryCat.Backend.Formatters\QueryCat.Backend.Formatters.csproj", "{6B60F408-9ECE-4F01-BF0B-7A92B2C073E1}"
EndProject
Global
	GlobalSection(SolutionConfigurationPlatforms) = preSolution
		Debug|Any CPU = Debug|Any CPU
		Release|Any CPU = Release|Any CPU
	EndGlobalSection
	GlobalSection(ProjectConfigurationPlatforms) = postSolution
		{3E8236D3-DE28-42AA-ACA3-DBFDD1330958}.Debug|Any CPU.ActiveCfg = Debug|Any CPU
		{3E8236D3-DE28-42AA-ACA3-DBFDD1330958}.Debug|Any CPU.Build.0 = Debug|Any CPU
		{3E8236D3-DE28-42AA-ACA3-DBFDD1330958}.Release|Any CPU.ActiveCfg = Release|Any CPU
		{3E8236D3-DE28-42AA-ACA3-DBFDD1330958}.Release|Any CPU.Build.0 = Release|Any CPU
		{8FF24112-BD0F-474F-86C5-25444C2587F8}.Debug|Any CPU.ActiveCfg = Debug|Any CPU
		{8FF24112-BD0F-474F-86C5-25444C2587F8}.Debug|Any CPU.Build.0 = Debug|Any CPU
		{8FF24112-BD0F-474F-86C5-25444C2587F8}.Release|Any CPU.ActiveCfg = Release|Any CPU
		{8FF24112-BD0F-474F-86C5-25444C2587F8}.Release|Any CPU.Build.0 = Release|Any CPU
		{521EFF6D-12C7-46B5-B2DD-2E79987FA96F}.Debug|Any CPU.ActiveCfg = Debug|Any CPU
		{521EFF6D-12C7-46B5-B2DD-2E79987FA96F}.Debug|Any CPU.Build.0 = Debug|Any CPU
		{521EFF6D-12C7-46B5-B2DD-2E79987FA96F}.Release|Any CPU.ActiveCfg = Release|Any CPU
		{521EFF6D-12C7-46B5-B2DD-2E79987FA96F}.Release|Any CPU.Build.0 = Release|Any CPU
		{939CE72C-CD01-4AA0-B424-E9A669B419A6}.Debug|Any CPU.ActiveCfg = Debug|Any CPU
		{939CE72C-CD01-4AA0-B424-E9A669B419A6}.Debug|Any CPU.Build.0 = Debug|Any CPU
		{939CE72C-CD01-4AA0-B424-E9A669B419A6}.Release|Any CPU.ActiveCfg = Release|Any CPU
		{939CE72C-CD01-4AA0-B424-E9A669B419A6}.Release|Any CPU.Build.0 = Release|Any CPU
		{8163FB8D-F597-4D6F-892B-B169AD8F2726}.Debug|Any CPU.ActiveCfg = Debug|Any CPU
		{8163FB8D-F597-4D6F-892B-B169AD8F2726}.Debug|Any CPU.Build.0 = Debug|Any CPU
		{8163FB8D-F597-4D6F-892B-B169AD8F2726}.Release|Any CPU.ActiveCfg = Release|Any CPU
		{8163FB8D-F597-4D6F-892B-B169AD8F2726}.Release|Any CPU.Build.0 = Release|Any CPU
		{2C6BF5EC-0D4F-40C4-A2AE-E9980B10D686}.Debug|Any CPU.ActiveCfg = Debug|Any CPU
		{2C6BF5EC-0D4F-40C4-A2AE-E9980B10D686}.Debug|Any CPU.Build.0 = Debug|Any CPU
		{2C6BF5EC-0D4F-40C4-A2AE-E9980B10D686}.Release|Any CPU.ActiveCfg = Release|Any CPU
		{2C6BF5EC-0D4F-40C4-A2AE-E9980B10D686}.Release|Any CPU.Build.0 = Release|Any CPU
		{266010EB-9852-4B90-A772-2AA3103DAF5D}.Debug|Any CPU.ActiveCfg = Debug|Any CPU
		{266010EB-9852-4B90-A772-2AA3103DAF5D}.Debug|Any CPU.Build.0 = Debug|Any CPU
		{266010EB-9852-4B90-A772-2AA3103DAF5D}.Release|Any CPU.ActiveCfg = Release|Any CPU
		{266010EB-9852-4B90-A772-2AA3103DAF5D}.Release|Any CPU.Build.0 = Release|Any CPU
		{21CC49F5-156C-466F-AD9E-40DD4EBF04CF}.Debug|Any CPU.ActiveCfg = Debug|Any CPU
		{21CC49F5-156C-466F-AD9E-40DD4EBF04CF}.Debug|Any CPU.Build.0 = Debug|Any CPU
		{21CC49F5-156C-466F-AD9E-40DD4EBF04CF}.Release|Any CPU.ActiveCfg = Release|Any CPU
		{21CC49F5-156C-466F-AD9E-40DD4EBF04CF}.Release|Any CPU.Build.0 = Release|Any CPU
		{39A5B2F3-47DA-494E-B353-1563CE137366}.Debug|Any CPU.ActiveCfg = Debug|Any CPU
		{39A5B2F3-47DA-494E-B353-1563CE137366}.Debug|Any CPU.Build.0 = Debug|Any CPU
		{39A5B2F3-47DA-494E-B353-1563CE137366}.Release|Any CPU.ActiveCfg = Release|Any CPU
		{39A5B2F3-47DA-494E-B353-1563CE137366}.Release|Any CPU.Build.0 = Release|Any CPU
		{24F8ADCD-4EC4-4A7A-B7B9-37D83DB4359A}.Debug|Any CPU.ActiveCfg = Debug|Any CPU
		{24F8ADCD-4EC4-4A7A-B7B9-37D83DB4359A}.Debug|Any CPU.Build.0 = Debug|Any CPU
		{24F8ADCD-4EC4-4A7A-B7B9-37D83DB4359A}.Release|Any CPU.ActiveCfg = Release|Any CPU
		{24F8ADCD-4EC4-4A7A-B7B9-37D83DB4359A}.Release|Any CPU.Build.0 = Release|Any CPU
		{A5F84049-4B23-4CED-9B44-F8B87675E2B5}.Debug|Any CPU.ActiveCfg = Debug|Any CPU
		{A5F84049-4B23-4CED-9B44-F8B87675E2B5}.Debug|Any CPU.Build.0 = Debug|Any CPU
		{A5F84049-4B23-4CED-9B44-F8B87675E2B5}.Release|Any CPU.ActiveCfg = Release|Any CPU
		{A5F84049-4B23-4CED-9B44-F8B87675E2B5}.Release|Any CPU.Build.0 = Release|Any CPU
		{C5C833F4-A558-41F9-9509-D2D0A183484F}.Debug|Any CPU.ActiveCfg = Debug|Any CPU
		{C5C833F4-A558-41F9-9509-D2D0A183484F}.Debug|Any CPU.Build.0 = Debug|Any CPU
		{C5C833F4-A558-41F9-9509-D2D0A183484F}.Release|Any CPU.ActiveCfg = Release|Any CPU
		{C5C833F4-A558-41F9-9509-D2D0A183484F}.Release|Any CPU.Build.0 = Release|Any CPU
		{4DEFA5B2-A553-4E13-BC4E-4D86AD828976}.Debug|Any CPU.ActiveCfg = Debug|Any CPU
		{4DEFA5B2-A553-4E13-BC4E-4D86AD828976}.Debug|Any CPU.Build.0 = Debug|Any CPU
		{4DEFA5B2-A553-4E13-BC4E-4D86AD828976}.Release|Any CPU.ActiveCfg = Release|Any CPU
		{4DEFA5B2-A553-4E13-BC4E-4D86AD828976}.Release|Any CPU.Build.0 = Release|Any CPU
		{53FD125F-1BFE-4E06-978C-589FEAF0C22D}.Debug|Any CPU.ActiveCfg = Debug|Any CPU
		{53FD125F-1BFE-4E06-978C-589FEAF0C22D}.Debug|Any CPU.Build.0 = Debug|Any CPU
		{53FD125F-1BFE-4E06-978C-589FEAF0C22D}.Release|Any CPU.ActiveCfg = Release|Any CPU
		{53FD125F-1BFE-4E06-978C-589FEAF0C22D}.Release|Any CPU.Build.0 = Release|Any CPU
		{8A6D8FBA-E355-4299-A0FE-12D0B7B72930}.Debug|Any CPU.ActiveCfg = Debug|Any CPU
		{8A6D8FBA-E355-4299-A0FE-12D0B7B72930}.Debug|Any CPU.Build.0 = Debug|Any CPU
		{8A6D8FBA-E355-4299-A0FE-12D0B7B72930}.Release|Any CPU.ActiveCfg = Release|Any CPU
		{8A6D8FBA-E355-4299-A0FE-12D0B7B72930}.Release|Any CPU.Build.0 = Release|Any CPU
		{D7D0C959-74E8-4C54-8541-2D61F8A16DD1}.Debug|Any CPU.ActiveCfg = Debug|Any CPU
		{D7D0C959-74E8-4C54-8541-2D61F8A16DD1}.Debug|Any CPU.Build.0 = Debug|Any CPU
		{D7D0C959-74E8-4C54-8541-2D61F8A16DD1}.Release|Any CPU.ActiveCfg = Release|Any CPU
		{D7D0C959-74E8-4C54-8541-2D61F8A16DD1}.Release|Any CPU.Build.0 = Release|Any CPU
		{6B59C2E3-7B58-4D4F-98E5-B3340C0EC358}.Debug|Any CPU.ActiveCfg = Debug|Any CPU
		{6B59C2E3-7B58-4D4F-98E5-B3340C0EC358}.Debug|Any CPU.Build.0 = Debug|Any CPU
		{6B59C2E3-7B58-4D4F-98E5-B3340C0EC358}.Release|Any CPU.ActiveCfg = Release|Any CPU
		{6B59C2E3-7B58-4D4F-98E5-B3340C0EC358}.Release|Any CPU.Build.0 = Release|Any CPU
		{6B60F408-9ECE-4F01-BF0B-7A92B2C073E1}.Debug|Any CPU.ActiveCfg = Debug|Any CPU
		{6B60F408-9ECE-4F01-BF0B-7A92B2C073E1}.Debug|Any CPU.Build.0 = Debug|Any CPU
		{6B60F408-9ECE-4F01-BF0B-7A92B2C073E1}.Release|Any CPU.ActiveCfg = Release|Any CPU
		{6B60F408-9ECE-4F01-BF0B-7A92B2C073E1}.Release|Any CPU.Build.0 = Release|Any CPU
	EndGlobalSection
	GlobalSection(NestedProjects) = preSolution
		{939CE72C-CD01-4AA0-B424-E9A669B419A6} = {57FD3CD5-B80B-40B7-97B1-3C5D0A4FDDFF}
		{8163FB8D-F597-4D6F-892B-B169AD8F2726} = {57FD3CD5-B80B-40B7-97B1-3C5D0A4FDDFF}
		{A5F84049-4B23-4CED-9B44-F8B87675E2B5} = {57FD3CD5-B80B-40B7-97B1-3C5D0A4FDDFF}
		{266010EB-9852-4B90-A772-2AA3103DAF5D} = {D417A513-C687-4D9B-A971-00B3B252C1FA}
		{21CC49F5-156C-466F-AD9E-40DD4EBF04CF} = {75B35EBE-92B0-4C33-9018-F9667134BADA}
		{3E8236D3-DE28-42AA-ACA3-DBFDD1330958} = {E631A25C-0F40-4C93-90C6-6237DE6EFDDE}
		{39A5B2F3-47DA-494E-B353-1563CE137366} = {3F4EBCB6-4F97-4809-B66A-7880684114E5}
		{24F8ADCD-4EC4-4A7A-B7B9-37D83DB4359A} = {96B2D736-09F2-49EE-87E3-23A00CF7DDAF}
		{8FF24112-BD0F-474F-86C5-25444C2587F8} = {5D80BC51-A746-4049-B8D2-070E509D9D49}
		{521EFF6D-12C7-46B5-B2DD-2E79987FA96F} = {0A2EEFB1-CF36-4E18-BF4F-3B669DE30EB8}
		{C5C833F4-A558-41F9-9509-D2D0A183484F} = {C9896BC0-09B3-466F-9DEF-EAA087918747}
		{2C6BF5EC-0D4F-40C4-A2AE-E9980B10D686} = {303DFDC9-6469-4344-8B96-6A6DDE70B316}
		{4DEFA5B2-A553-4E13-BC4E-4D86AD828976} = {96656113-5025-4A81-A876-65D30C1C2E9F}
		{53FD125F-1BFE-4E06-978C-589FEAF0C22D} = {57FD3CD5-B80B-40B7-97B1-3C5D0A4FDDFF}
		{8A6D8FBA-E355-4299-A0FE-12D0B7B72930} = {57FD3CD5-B80B-40B7-97B1-3C5D0A4FDDFF}
		{D7D0C959-74E8-4C54-8541-2D61F8A16DD1} = {57FD3CD5-B80B-40B7-97B1-3C5D0A4FDDFF}
		{6B59C2E3-7B58-4D4F-98E5-B3340C0EC358} = {57FD3CD5-B80B-40B7-97B1-3C5D0A4FDDFF}
		{6B60F408-9ECE-4F01-BF0B-7A92B2C073E1} = {57FD3CD5-B80B-40B7-97B1-3C5D0A4FDDFF}
	EndGlobalSection
EndGlobal
